
Microsoft Visual Studio Solution File, Format Version 12.00
Project("{FAE04EC0-301F-11D3-BF4B-00C04F79EFBC}") = "dotnet-deployables", "dotnet-deployables.csproj", "{98E3E798-0B59-4601-A43E-87B9749C1193}"
EndProject
Global
	GlobalSection(SolutionConfigurationPlatforms) = preSolution
		Debug|Any CPU = Debug|Any CPU
		Release|Any CPU = Release|Any CPU
	EndGlobalSection
	GlobalSection(ProjectConfigurationPlatforms) = postSolution
		{98E3E798-0B59-4601-A43E-87B9749C1193}.Debug|Any CPU.ActiveCfg = Debug|Any CPU
		{98E3E798-0B59-4601-A43E-87B9749C1193}.Debug|Any CPU.Build.0 = Debug|Any CPU
		{98E3E798-0B59-4601-A43E-87B9749C1193}.Release|Any CPU.ActiveCfg = Release|Any CPU
		{98E3E798-0B59-4601-A43E-87B9749C1193}.Release|Any CPU.Build.0 = Release|Any CPU
	EndGlobalSection
EndGlobal
